
Microsoft Visual Studio Solution File, Format Version 12.00
# Visual Studio Version 16
VisualStudioVersion = 16.0.30503.244
MinimumVisualStudioVersion = 10.0.40219.1
Project("{FAE04EC0-301F-11D3-BF4B-00C04F79EFBC}") = "InstaScraper", "InstaScraper\InstaScraper.csproj", "{B4ADDD1B-C909-48B9-AAF0-B3114467A015}"
EndProject
Global
	GlobalSection(SolutionConfigurationPlatforms) = preSolution
		Debug|Any CPU = Debug|Any CPU
		Release|Any CPU = Release|Any CPU
	EndGlobalSection
	GlobalSection(ProjectConfigurationPlatforms) = postSolution
		{B4ADDD1B-C909-48B9-AAF0-B3114467A015}.Debug|Any CPU.ActiveCfg = Debug|Any CPU
		{B4ADDD1B-C909-48B9-AAF0-B3114467A015}.Debug|Any CPU.Build.0 = Debug|Any CPU
		{B4ADDD1B-C909-48B9-AAF0-B3114467A015}.Release|Any CPU.ActiveCfg = Release|Any CPU
		{B4ADDD1B-C909-48B9-AAF0-B3114467A015}.Release|Any CPU.Build.0 = Release|Any CPU
	EndGlobalSection
	GlobalSection(SolutionProperties) = preSolution
		HideSolutionNode = FALSE
	EndGlobalSection
	GlobalSection(ExtensibilityGlobals) = postSolution
		SolutionGuid = {9488A7D8-67AD-4868-9CF8-CF87EAFCE0ED}
	EndGlobalSection
EndGlobal
